Microsoft Visual Studio Solution File, Format Version 12.00
# Visual Studio Version 17
VisualStudioVersion = 17.5.2.0
MinimumVisualStudioVersion = 10.0.40219.1
Project("{FAE04EC0-301F-11D3-BF4B-00C04F79EFBC}") = "GitHubActionsDemo", "GitHubActionsDemo.csproj", "{37FEEE4E-8BD8-3E57-3C06-1D664E607AD8}"
EndProject
Global
	GlobalSection(SolutionConfigurationPlatforms) = preSolution
		Debug|Any CPU = Debug|Any CPU
		Release|Any CPU = Release|Any CPU
	EndGlobalSection
	GlobalSection(ProjectConfigurationPlatforms) = postSolution
		{37FEEE4E-8BD8-3E57-3C06-1D664E607AD8}.Debug|Any CPU.ActiveCfg = Debug|Any CPU
		{37FEEE4E-8BD8-3E57-3C06-1D664E607AD8}.Debug|Any CPU.Build.0 = Debug|Any CPU
		{37FEEE4E-8BD8-3E57-3C06-1D664E607AD8}.Release|Any CPU.ActiveCfg = Release|Any CPU
		{37FEEE4E-8BD8-3E57-3C06-1D664E607AD8}.Release|Any CPU.Build.0 = Release|Any CPU
	EndGlobalSection
	GlobalSection(SolutionProperties) = preSolution
		HideSolutionNode = FALSE
	EndGlobalSection
	GlobalSection(ExtensibilityGlobals) = postSolution
		SolutionGuid = {C0D88030-05CA-465B-A9BC-0D27C842734B}
	EndGlobalSection
EndGlobal
